// !$*UTF8*$!
{
	archiveVersion = 1;
	classes = {
	};
	objectVersion = 48;
	objects = {

/* Begin PBXBuildFile section */
		9C2697DD2147ECAF004DA3E5 /* AppDelegate.m in Sources */ = {isa = PBXBuildFile; fileRef = 9C2697DC2147ECAF004DA3E5 /* AppDelegate.m */; };
		9C2697E02147ECAF004DA3E5 /* ViewController.m in Sources */ = {isa = PBXBuildFile; fileRef = 9C2697DF2147ECAF004DA3E5 /* ViewController.m */; };
		9C2697E32147ECAF004DA3E5 /* Main.storyboard in Resources */ = {isa = PBXBuildFile; fileRef = 9C2697E12147ECAF004DA3E5 /* Main.storyboard */; };
		9C2697E52147ECB0004DA3E5 /* Assets.xcassets in Resources */ = {isa = PBXBuildFile; fileRef = 9C2697E42147ECB0004DA3E5 /* Assets.xcassets */; };
		9C2697E82147ECB0004DA3E5 /* LaunchScreen.storyboard in Resources */ = {isa = PBXBuildFile; fileRef = 9C2697E62147ECB0004DA3E5 /* LaunchScreen.storyboard */; };
		9C2697EB2147ECB0004DA3E5 /* main.m in Sources */ = {isa = PBXBuildFile; fileRef = 9C2697EA2147ECB0004DA3E5 /* main.m */; };
		9C3EEAEE2161BCC9005B94FE /* CTMediator+Elelnvoice.m in Sources */ = {isa = PBXBuildFile; fileRef = 9C3EEAED2161BCC9005B94FE /* CTMediator+Elelnvoice.m */; };
		A611D7B604D5E3A0C2DC0387 /* libPods-ModuleCategory.a in Frameworks */ = {isa = PBXBuildFile; fileRef = 8E5B4279E38C479AC7F808EA /* libPods-ModuleCategory.a */; };
/* End PBXBuildFile section */

/* Begin PBXFileReference section */
		513CFB4A4B54E6115F232CE0 /* Pods-ModuleCategory.debug.xcconfig */ = {isa = PBXFileReference; includeInIndex = 1; lastKnownFileType = text.xcconfig; name = "Pods-ModuleCategory.debug.xcconfig"; path = "Pods/Target Support Files/Pods-ModuleCategory/Pods-ModuleCategory.debug.xcconfig"; sourceTree = "<group>"; };
		8E5B4279E38C479AC7F808EA /* libPods-ModuleCategory.a */ = {isa = PBXFileReference; explicitFileType = archive.ar; includeInIndex = 0; path = "libPods-ModuleCategory.a"; sourceTree = BUILT_PRODUCTS_DIR; };
		9C2697D82147ECAF004DA3E5 /* ModuleCategory.app */ = {isa = PBXFileReference; explicitFileType = wrapper.application; includeInIndex = 0; path = ModuleCategory.app; sourceTree = BUILT_PRODUCTS_DIR; };
		9C2697DB2147ECAF004DA3E5 /* AppDelegate.h */ = {isa = PBXFileReference; lastKnownFileType = sourcecode.c.h; path = AppDelegate.h; sourceTree = "<group>"; };
		9C2697DC2147ECAF004DA3E5 /* AppDelegate.m */ = {isa = PBXFileReference; lastKnownFileType = sourcecode.c.objc; path = AppDelegate.m; sourceTree = "<group>"; };
		9C2697DE2147ECAF004DA3E5 /* ViewController.h */ = {isa = PBXFileReference; lastKnownFileType = sourcecode.c.h; path = ViewController.h; sourceTree = "<group>"; };
		9C2697DF2147ECAF004DA3E5 /* ViewController.m */ = {isa = PBXFileReference; lastKnownFileType = sourcecode.c.objc; path = ViewController.m; sourceTree = "<group>"; };
		9C2697E22147ECAF004DA3E5 /* Base */ = {isa = PBXFileReference; lastKnownFileType = file.storyboard; name = Base; path = Base.lproj/Main.storyboard; sourceTree = "<group>"; };
		9C2697E42147ECB0004DA3E5 /* Assets.xcassets */ = {isa = PBXFileReference; lastKnownFileType = folder.assetcatalog; path = Assets.xcassets; sourceTree = "<group>"; };
		9C2697E72147ECB0004DA3E5 /* Base */ = {isa = PBXFileReference; lastKnownFileType = file.storyboard; name = Base; path = Base.lproj/LaunchScreen.storyboard; sourceTree = "<group>"; };
		9C2697E92147ECB0004DA3E5 /* Info.plist */ = {isa = PBXFileReference; lastKnownFileType = text.plist.xml; path = Info.plist; sourceTree = "<group>"; };
		9C2697EA2147ECB0004DA3E5 /* main.m */ = {isa = PBXFileReference; lastKnownFileType = sourcecode.c.objc; path = main.m; sourceTree = "<group>"; };
		9C3EEAEC2161BCC9005B94FE /* CTMediator+Elelnvoice.h */ = {isa = PBXFileReference; lastKnownFileType = sourcecode.c.h; path = "CTMediator+Elelnvoice.h"; sourceTree = "<group>"; };
		9C3EEAED2161BCC9005B94FE /* CTMediator+Elelnvoice.m */ = {isa = PBXFileReference; lastKnownFileType = sourcecode.c.objc; path = "CTMediator+Elelnvoice.m"; sourceTree = "<group>"; };
		B271227451411C1ED757776F /* Pods-ModuleCategory.release.xcconfig */ = {isa = PBXFileReference; includeInIndex = 1; lastKnownFileType = text.xcconfig; name = "Pods-ModuleCategory.release.xcconfig"; path = "Pods/Target Support Files/Pods-ModuleCategory/Pods-ModuleCategory.release.xcconfig"; sourceTree = "<group>"; };
/* End PBXFileReference section */

/* Begin PBXFrameworksBuildPhase section */
		9C2697D52147ECAF004DA3E5 /* Frameworks */ = {
			isa = PBXFrameworksBuildPhase;
			buildActionMask = 2147483647;
			files = (
				A611D7B604D5E3A0C2DC0387 /* libPods-ModuleCategory.a in Frameworks */,
			);
			runOnlyForDeploymentPostprocessing = 0;
		};
/* End PBXFrameworksBuildPhase section */

/* Begin PBXGroup section */
		4B6AD366F3320281B517D7BD /* Pods */ = {
			isa = PBXGroup;
			children = (
				513CFB4A4B54E6115F232CE0 /* Pods-ModuleCategory.debug.xcconfig */,
				B271227451411C1ED757776F /* Pods-ModuleCategory.release.xcconfig */,
			);
			name = Pods;
			sourceTree = "<group>";
		};
		9C2697CF2147ECAF004DA3E5 = {
			isa = PBXGroup;
			children = (
				9C2697DA2147ECAF004DA3E5 /* ModuleCategory */,
				9C2697D92147ECAF004DA3E5 /* Products */,
				4B6AD366F3320281B517D7BD /* Pods */,
				F8118EB242FB5C938D2CA574 /* Frameworks */,
			);
			sourceTree = "<group>";
		};
		9C2697D92147ECAF004DA3E5 /* Products */ = {
			isa = PBXGroup;
			children = (
				9C2697D82147ECAF004DA3E5 /* ModuleCategory.app */,
			);
			name = Products;
			sourceTree = "<group>";
		};
		9C2697DA2147ECAF004DA3E5 /* ModuleCategory */ = {
			isa = PBXGroup;
			children = (
				9C2697F12147EE3E004DA3E5 /* Category */,
				9C2697DB2147ECAF004DA3E5 /* AppDelegate.h */,
				9C2697DC2147ECAF004DA3E5 /* AppDelegate.m */,
				9C2697DE2147ECAF004DA3E5 /* ViewController.h */,
				9C2697DF2147ECAF004DA3E5 /* ViewController.m */,
				9C2697E12147ECAF004DA3E5 /* Main.storyboard */,
				9C2697E42147ECB0004DA3E5 /* Assets.xcassets */,
				9C2697E62147ECB0004DA3E5 /* LaunchScreen.storyboard */,
				9C2697E92147ECB0004DA3E5 /* Info.plist */,
				9C2697EA2147ECB0004DA3E5 /* main.m */,
			);
			path = ModuleCategory;
			sourceTree = "<group>";
		};
		9C2697F12147EE3E004DA3E5 /* Category */ = {
			isa = PBXGroup;
			children = (
				9C3EEAEC2161BCC9005B94FE /* CTMediator+Elelnvoice.h */,
				9C3EEAED2161BCC9005B94FE /* CTMediator+Elelnvoice.m */,
			);
			path = Category;
			sourceTree = "<group>";
		};
		F8118EB242FB5C938D2CA574 /* Frameworks */ = {
			isa = PBXGroup;
			children = (
				8E5B4279E38C479AC7F808EA /* libPods-ModuleCategory.a */,
			);
			name = Frameworks;
			sourceTree = "<group>";
		};
/* End PBXGroup section */

/* Begin PBXNativeTarget section */
		9C2697D72147ECAF004DA3E5 /* ModuleCategory */ = {
			isa = PBXNativeTarget;
			buildConfigurationList = 9C2697EE2147ECB0004DA3E5 /* Build configuration list for PBXNativeTarget "ModuleCategory" */;
			buildPhases = (
				A91085FE824ECB99D9F4A707 /* [CP] Check Pods Manifest.lock */,
				9C2697D42147ECAF004DA3E5 /* Sources */,
				9C2697D52147ECAF004DA3E5 /* Frameworks */,
				9C2697D62147ECAF004DA3E5 /* Resources */,
				6F21E099A80FBE6D711D53BD /* [CP] Embed Pods Frameworks */,
				580AE4813DF386F4F2B5C66A /* [CP] Copy Pods Resources */,
			);
			buildRules = (
			);
			dependencies = (
			);
			name = ModuleCategory;
			productName = ModuleCategory;
			productReference = 9C2697D82147ECAF004DA3E5 /* ModuleCategory.app */;
			productType = "com.apple.product-type.application";
		};
/* End PBXNativeTarget section */

/* Begin PBXProject section */
		9C2697D02147ECAF004DA3E5 /* Project object */ = {
			isa = PBXProject;
			attributes = {
				LastUpgradeCheck = 0940;
				ORGANIZATIONNAME = quangqiang;
				TargetAttributes = {
					9C2697D72147ECAF004DA3E5 = {
						CreatedOnToolsVersion = 9.4.1;
						ProvisioningStyle = Automatic;
					};
				};
			};
			buildConfigurationList = 9C2697D32147ECAF004DA3E5 /* Build configuration list for PBXProject "ModuleCategory" */;
			compatibilityVersion = "Xcode 8.0";
			developmentRegion = en;
			hasScannedForEncodings = 0;
			knownRegions = (
				en,
				Base,
			);
			mainGroup = 9C2697CF2147ECAF004DA3E5;
			productRefGroup = 9C2697D92147ECAF004DA3E5 /* Products */;
			projectDirPath = "";
			projectRoot = "";
			targets = (
				9C2697D72147ECAF004DA3E5 /* ModuleCategory */,
			);
		};
/* End PBXProject section */

/* Begin PBXResourcesBuildPhase section */
		9C2697D62147ECAF004DA3E5 /* Resources */ = {
			isa = PBXResourcesBuildPhase;
			buildActionMask = 2147483647;
			files = (
				9C2697E82147ECB0004DA3E5 /* LaunchScreen.storyboard in Resources */,
				9C2697E52147ECB0004DA3E5 /* Assets.xcassets in Resources */,
				9C2697E32147ECAF004DA3E5 /* Main.storyboard in Resources */,
			);
			runOnlyForDeploymentPostprocessing = 0;
		};
/* End PBXResourcesBuildPhase section */

/* Begin PBXShellScriptBuildPhase section */
		580AE4813DF386F4F2B5C66A /* [CP] Copy Pods Resources */ = {
			isa = PBXShellScriptBuildPhase;
			buildActionMask = 2147483647;
			files = (
			);
			inputPaths = (
			);
			name = "[CP] Copy Pods Resources";
			outputPaths = (
			);
			runOnlyForDeploymentPostprocessing = 0;
			shellPath = /bin/sh;
			shellScript = "\"${SRCROOT}/Pods/Target Support Files/Pods-ModuleCategory/Pods-ModuleCategory-resources.sh\"\n";
			showEnvVarsInLog = 0;
		};
		6F21E099A80FBE6D711D53BD /* [CP] Embed Pods Frameworks */ = {
			isa = PBXShellScriptBuildPhase;
			buildActionMask = 2147483647;
			files = (
			);
			inputPaths = (
				"${SRCROOT}/Pods/Target Support Files/Pods-ModuleCategory/Pods-ModuleCategory-frameworks.sh",
				"${BUILT_PRODUCTS_DIR}/ComponentScheduler/ComponentScheduler.framework",
			);
			name = "[CP] Embed Pods Frameworks";
			outputPaths = (
				"${TARGET_BUILD_DIR}/${FRAMEWORKS_FOLDER_PATH}/ComponentScheduler.framework",
			);
			runOnlyForDeploymentPostprocessing = 0;
			shellPath = /bin/sh;
			shellScript = "\"${SRCROOT}/Pods/Target Support Files/Pods-ModuleCategory/Pods-ModuleCategory-frameworks.sh\"\n";
			showEnvVarsInLog = 0;
		};
		A91085FE824ECB99D9F4A707 /* [CP] Check Pods Manifest.lock */ = {
			isa = PBXShellScriptBuildPhase;
			buildActionMask = 2147483647;
			files = (
			);
			inputPaths = (
				"${PODS_PODFILE_DIR_PATH}/Podfile.lock",
				"${PODS_ROOT}/Manifest.lock",
			);
			name = "[CP] Check Pods Manifest.lock";
			outputPaths = (
				"$(DERIVED_FILE_DIR)/Pods-ModuleCategory-checkManifestLockResult.txt",
			);
			runOnlyForDeploymentPostprocessing = 0;
			shellPath = /bin/sh;
			shellScript = "diff \"${PODS_PODFILE_DIR_PATH}/Podfile.lock\" \"${PODS_ROOT}/Manifest.lock\" > /dev/null\nif [ $? != 0 ] ; then\n    # print error to STDERR\n    echo \"error: The sandbox is not in sync with the Podfile.lock. Run 'pod install' or update your CocoaPods installation.\" >&2\n    exit 1\nfi\n# This output is used by Xcode 'outputs' to avoid re-running this script phase.\necho \"SUCCESS\" > \"${SCRIPT_OUTPUT_FILE_0}\"\n";
			showEnvVarsInLog = 0;
		};
/* End PBXShellScriptBuildPhase section */

/* Begin PBXSourcesBuildPhase section */
		9C2697D42147ECAF004DA3E5 /* Sources */ = {
			isa = PBXSourcesBuildPhase;
			buildActionMask = 2147483647;
			files = (
				9C2697E02147ECAF004DA3E5 /* ViewController.m in Sources */,
				9C2697EB2147ECB0004DA3E5 /* main.m in Sources */,
				9C3EEAEE2161BCC9005B94FE /* CTMediator+Elelnvoice.m in Sources */,
				9C2697DD2147ECAF004DA3E5 /* AppDelegate.m in Sources */,
			);
			runOnlyForDeploymentPostprocessing = 0;
		};
/* End PBXSourcesBuildPhase section */

/* Begin PBXVariantGroup section */
		9C2697E12147ECAF004DA3E5 /* Main.storyboard */ = {
			isa = PBXVariantGroup;
			children = (
				9C2697E22147ECAF004DA3E5 /* Base */,
			);
			name = Main.storyboard;
			sourceTree = "<group>";
		};
		9C2697E62147ECB0004DA3E5 /* LaunchScreen.storyboard */ = {
			isa = PBXVariantGroup;
			children = (
				9C2697E72147ECB0004DA3E5 /* Base */,
			);
			name = LaunchScreen.storyboard;
			sourceTree = "<group>";
		};
/* End PBXVariantGroup section */

/* Begin XCBuildConfiguration section */
		9C2697EC2147ECB0004DA3E5 /* Debug */ = {
			isa = XCBuildConfiguration;
			buildSettings = {
				ALWAYS_SEARCH_USER_PATHS = NO;
				CLANG_ANALYZER_NONNULL = YES;
				CLANG_ANALYZER_NUMBER_OBJECT_CONVERSION = YES_AGGRESSIVE;
				CLANG_CXX_LANGUAGE_STANDARD = "gnu++14";
				CLANG_CXX_LIBRARY = "libc++";
				CLANG_ENABLE_MODULES = YES;
				CLANG_ENABLE_OBJC_ARC = YES;
				CLANG_ENABLE_OBJC_WEAK = YES;
				CLANG_WARN_BLOCK_CAPTURE_AUTORELEASING = YES;
				CLANG_WARN_BOOL_CONVERSION = YES;
				CLANG_WARN_COMMA = YES;
				CLANG_WARN_CONSTANT_CONVERSION = YES;
				CLANG_WARN_DEPRECATED_OBJC_IMPLEMENTATIONS = YES;
				CLANG_WARN_DIRECT_OBJC_ISA_USAGE = YES_ERROR;
				CLANG_WARN_DOCUMENTATION_COMMENTS = YES;
				CLANG_WARN_EMPTY_BODY = YES;
				CLANG_WARN_ENUM_CONVERSION = YES;
				CLANG_WARN_INFINITE_RECURSION = YES;
				CLANG_WARN_INT_CONVERSION = YES;
				CLANG_WARN_NON_LITERAL_NULL_CONVERSION = YES;
				CLANG_WARN_OBJC_IMPLICIT_RETAIN_SELF = YES;
				CLANG_WARN_OBJC_LITERAL_CONVERSION = YES;
				CLANG_WARN_OBJC_ROOT_CLASS = YES_ERROR;
				CLANG_WARN_RANGE_LOOP_ANALYSIS = YES;
				CLANG_WARN_STRICT_PROTOTYPES = YES;
				CLANG_WARN_SUSPICIOUS_MOVE = YES;
				CLANG_WARN_UNGUARDED_AVAILABILITY = YES_AGGRESSIVE;
				CLANG_WARN_UNREACHABLE_CODE = YES;
				CLANG_WARN__DUPLICATE_METHOD_MATCH = YES;
				CODE_SIGN_IDENTITY = "iPhone Developer";
				COPY_PHASE_STRIP = NO;
				DEBUG_INFORMATION_FORMAT = dwarf;
				ENABLE_STRICT_OBJC_MSGSEND = YES;
				ENABLE_TESTABILITY = YES;
				GCC_C_LANGUAGE_STANDARD = gnu11;
				GCC_DYNAMIC_NO_PIC = NO;
				GCC_NO_COMMON_BLOCKS = YES;
				GCC_OPTIMIZATION_LEVEL = 0;
				GCC_PREPROCESSOR_DEFINITIONS = (
					"DEBUG=1",
					"$(inherited)",
				);
				GCC_WARN_64_TO_32_BIT_CONVERSION = YES;
				GCC_WARN_ABOUT_RETURN_TYPE = YES_ERROR;
				GCC_WARN_UNDECLARED_SELECTOR = YES;
				GCC_WARN_UNINITIALIZED_AUTOS = YES_AGGRESSIVE;
				GCC_WARN_UNUSED_FUNCTION = YES;
				GCC_WARN_UNUSED_VARIABLE = YES;
				IPHONEOS_DEPLOYMENT_TARGET = 11.4;
				MTL_ENABLE_DEBUG_INFO = YES;
				ONLY_ACTIVE_ARCH = YES;
				SDKROOT = iphoneos;
			};
			name = Debug;
		};
		9C2697ED2147ECB0004DA3E5 /* Release */ = {
			isa = XCBuildConfiguration;
			buildSettings = {
				ALWAYS_SEARCH_USER_PATHS = NO;
				CLANG_ANALYZER_NONNULL = YES;
				CLANG_ANALYZER_NUMBER_OBJECT_CONVERSION = YES_AGGRESSIVE;
				CLANG_CXX_LANGUAGE_STANDARD = "gnu++14";
				CLANG_CXX_LIBRARY = "libc++";
				CLANG_ENABLE_MODULES = YES;
				CLANG_ENABLE_OBJC_ARC = YES;
				CLANG_ENABLE_OBJC_WEAK = YES;
				CLANG_WARN_BLOCK_CAPTURE_AUTORELEASING = YES;
				CLANG_WARN_BOOL_CONVERSION = YES;
				CLANG_WARN_COMMA = YES;
				CLANG_WARN_CONSTANT_CONVERSION = YES;
				CLANG_WARN_DEPRECATED_OBJC_IMPLEMENTATIONS = YES;
				CLANG_WARN_DIRECT_OBJC_ISA_USAGE = YES_ERROR;
				CLANG_WARN_DOCUMENTATION_COMMENTS = YES;
				CLANG_WARN_EMPTY_BODY = YES;
				CLANG_WARN_ENUM_CONVERSION = YES;
				CLANG_WARN_INFINITE_RECURSION = YES;
				CLANG_WARN_INT_CONVERSION = YES;
				CLANG_WARN_NON_LITERAL_NULL_CONVERSION = YES;
				CLANG_WARN_OBJC_IMPLICIT_RETAIN_SELF = YES;
				CLANG_WARN_OBJC_LITERAL_CONVERSION = YES;
				CLANG_WARN_OBJC_ROOT_CLASS = YES_ERROR;
				CLANG_WARN_RANGE_LOOP_ANALYSIS = YES;
				CLANG_WARN_STRICT_PROTOTYPES = YES;
				CLANG_WARN_SUSPICIOUS_MOVE = YES;
				CLANG_WARN_UNGUARDED_AVAILABILITY = YES_AGGRESSIVE;
				CLANG_WARN_UNREACHABLE_CODE = YES;
				CLANG_WARN__DUPLICATE_METHOD_MATCH = YES;
				CODE_SIGN_IDENTITY = "iPhone Developer";
				COPY_PHASE_STRIP = NO;
				DEBUG_INFORMATION_FORMAT = "dwarf-with-dsym";
				ENABLE_NS_ASSERTIONS = NO;
				ENABLE_STRICT_OBJC_MSGSEND = YES;
				GCC_C_LANGUAGE_STANDARD = gnu11;
				GCC_NO_COMMON_BLOCKS = YES;
				GCC_WARN_64_TO_32_BIT_CONVERSION = YES;
				GCC_WARN_ABOUT_RETURN_TYPE = YES_ERROR;
				GCC_WARN_UNDECLARED_SELECTOR = YES;
				GCC_WARN_UNINITIALIZED_AUTOS = YES_AGGRESSIVE;
				GCC_WARN_UNUSED_FUNCTION = YES;
				GCC_WARN_UNUSED_VARIABLE = YES;
				IPHONEOS_DEPLOYMENT_TARGET = 11.4;
				MTL_ENABLE_DEBUG_INFO = NO;
				SDKROOT = iphoneos;
				VALIDATE_PRODUCT = YES;
			};
			name = Release;
		};
		9C2697EF2147ECB0004DA3E5 /* Debug */ = {
			isa = XCBuildConfiguration;
			baseConfigurationReference = 513CFB4A4B54E6115F232CE0 /* Pods-ModuleCategory.debug.xcconfig */;
			buildSettings = {
				ASSETCATALOG_COMPILER_APPICON_NAME = AppIcon;
				CODE_SIGN_STYLE = Automatic;
				INFOPLIST_FILE = ModuleCategory/Info.plist;
				LD_RUNPATH_SEARCH_PATHS = "$(inherited) @executable_path/Frameworks";
				PRODUCT_BUNDLE_IDENTIFIER = quangqiang.ModuleCategory;
				PRODUCT_NAME = "$(TARGET_NAME)";
				TARGETED_DEVICE_FAMILY = "1,2";
			};
			name = Debug;
		};
		9C2697F02147ECB0004DA3E5 /* Release */ = {
			isa = XCBuildConfiguration;
			baseConfigurationReference = B271227451411C1ED757776F /* Pods-ModuleCategory.release.xcconfig */;
			buildSettings = {
				ASSETCATALOG_COMPILER_APPICON_NAME = AppIcon;
				CODE_SIGN_STYLE = Automatic;
				INFOPLIST_FILE = ModuleCategory/Info.plist;
				LD_RUNPATH_SEARCH_PATHS = "$(inherited) @executable_path/Frameworks";
				PRODUCT_BUNDLE_IDENTIFIER = quangqiang.ModuleCategory;
				PRODUCT_NAME = "$(TARGET_NAME)";
				TARGETED_DEVICE_FAMILY = "1,2";
			};
			name = Release;
		};
/* End XCBuildConfiguration section */

/* Begin XCConfigurationList section */
		9C2697D32147ECAF004DA3E5 /* Build configuration list for PBXProject "ModuleCategory" */ = {
			isa = XCConfigurationList;
			buildConfigurations = (
				9C2697EC2147ECB0004DA3E5 /* Debug */,
				9C2697ED2147ECB0004DA3E5 /* Release */,
			);
			defaultConfigurationIsVisible = 0;
			defaultConfigurationName = Release;
		};
		9C2697EE2147ECB0004DA3E5 /* Build configuration list for PBXNativeTarget "ModuleCategory" */ = {
			isa = XCConfigurationList;
			buildConfigurations = (
				9C2697EF2147ECB0004DA3E5 /* Debug */,
				9C2697F02147ECB0004DA3E5 /* Release */,
			);
			defaultConfigurationIsVisible = 0;
			defaultConfigurationName = Release;
		};
/* End XCConfigurationList section */
	};
	rootObject = 9C2697D02147ECAF004DA3E5 /* Project object */;
}
